
Microsoft Visual Studio Solution File, Format Version 12.00
# Visual Studio Version 17
VisualStudioVersion = 17.13.35919.96 d17.13
MinimumVisualStudioVersion = 10.0.40219.1
Project("{FAE04EC0-301F-11D3-BF4B-00C04F79EFBC}") = "Repository", "Repository\Repository.csproj", "{0BF4DE1B-35C0-426F-9807-1C1A43F43EB2}"
EndProject
Project("{FAE04EC0-301F-11D3-BF4B-00C04F79EFBC}") = "VaccinaCare.APIServices", "VaccinaCare.APIServices\VaccinaCare.APIServices.csproj", "{E12CB38E-0170-4A97-9699-8DE0E12A7F16}"
EndProject
Project("{FAE04EC0-301F-11D3-BF4B-00C04F79EFBC}") = "Service", "Service\Service.csproj", "{42C58E4A-D5AD-426E-B34B-0EA67197D286}"
EndProject
Project("{FAE04EC0-301F-11D3-BF4B-00C04F79EFBC}") = "VaccinaCare.MVCAppFE", "VaccinaCare.MVCAppFE\VaccinaCare.MVCAppFE.csproj", "{6F2424B5-75E2-4325-A466-94CF1EEDFD2D}"
EndProject
Global
	GlobalSection(SolutionConfigurationPlatforms) = preSolution
		Debug|Any CPU = Debug|Any CPU
		Release|Any CPU = Release|Any CPU
	EndGlobalSection
	GlobalSection(ProjectConfigurationPlatforms) = postSolution
		{0BF4DE1B-35C0-426F-9807-1C1A43F43EB2}.Debug|Any CPU.ActiveCfg = Debug|Any CPU
		{0BF4DE1B-35C0-426F-9807-1C1A43F43EB2}.Debug|Any CPU.Build.0 = Debug|Any CPU
		{0BF4DE1B-35C0-426F-9807-1C1A43F43EB2}.Release|Any CPU.ActiveCfg = Release|Any CPU
		{0BF4DE1B-35C0-426F-9807-1C1A43F43EB2}.Release|Any CPU.Build.0 = Release|Any CPU
		{E12CB38E-0170-4A97-9699-8DE0E12A7F16}.Debug|Any CPU.ActiveCfg = Debug|Any CPU
		{E12CB38E-0170-4A97-9699-8DE0E12A7F16}.Debug|Any CPU.Build.0 = Debug|Any CPU
		{E12CB38E-0170-4A97-9699-8DE0E12A7F16}.Release|Any CPU.ActiveCfg = Release|Any CPU
		{E12CB38E-0170-4A97-9699-8DE0E12A7F16}.Release|Any CPU.Build.0 = Release|Any CPU
		{42C58E4A-D5AD-426E-B34B-0EA67197D286}.Debug|Any CPU.ActiveCfg = Debug|Any CPU
		{42C58E4A-D5AD-426E-B34B-0EA67197D286}.Debug|Any CPU.Build.0 = Debug|Any CPU
		{42C58E4A-D5AD-426E-B34B-0EA67197D286}.Release|Any CPU.ActiveCfg = Release|Any CPU
		{42C58E4A-D5AD-426E-B34B-0EA67197D286}.Release|Any CPU.Build.0 = Release|Any CPU
		{6F2424B5-75E2-4325-A466-94CF1EEDFD2D}.Debug|Any CPU.ActiveCfg = Debug|Any CPU
		{6F2424B5-75E2-4325-A466-94CF1EEDFD2D}.Debug|Any CPU.Build.0 = Debug|Any CPU
		{6F2424B5-75E2-4325-A466-94CF1EEDFD2D}.Release|Any CPU.ActiveCfg = Release|Any CPU
		{6F2424B5-75E2-4325-A466-94CF1EEDFD2D}.Release|Any CPU.Build.0 = Release|Any CPU
	EndGlobalSection
	GlobalSection(SolutionProperties) = preSolution
		HideSolutionNode = FALSE
	EndGlobalSection
	GlobalSection(ExtensibilityGlobals) = postSolution
		SolutionGuid = {20D0B377-EF23-4267-BE29-49E744FC2643}
	EndGlobalSection
EndGlobal
